
Microsoft Visual Studio Solution File, Format Version 12.00
# Visual Studio Version 17
VisualStudioVersion = 17.0.31903.59
MinimumVisualStudioVersion = 10.0.40219.1
Project("{2150E333-8FDC-42A3-9474-1A3956D46DE8}") = "src", "src", "{827E0CD3-B72D-47B6-A68D-7590B98EB39B}"
EndProject
Project("{FAE04EC0-301F-11D3-BF4B-00C04F79EFBC}") = "MockProbe.Api", "src\MockProbe.Api\MockProbe.Api.csproj", "{A9977F97-1E00-45C2-9E4F-815ECCF2B0EC}"
EndProject
Project("{FAE04EC0-301F-11D3-BF4B-00C04F79EFBC}") = "MockProbe.Application", "src\MockProbe.Application\MockProbe.Application.csproj", "{66E954BD-FDB3-4CB4-AA29-E9CA381B66DB}"
EndProject
Project("{FAE04EC0-301F-11D3-BF4B-00C04F79EFBC}") = "MockProbe.Domain", "src\MockProbe.Domain\MockProbe.Domain.csproj", "{7C60DBCD-69F5-4AFB-AEE8-9C1BADD4ECA5}"
EndProject
Project("{FAE04EC0-301F-11D3-BF4B-00C04F79EFBC}") = "MockProbe.Infrastructure", "src\MockProbe.Infrastructure\MockProbe.Infrastructure.csproj", "{A4182C2C-C077-413C-9D98-DF152C595C28}"
EndProject
Project("{2150E333-8FDC-42A3-9474-1A3956D46DE8}") = "tests", "tests", "{0AB3BF05-4346-4AA6-1389-037BE0695223}"
EndProject
Project("{FAE04EC0-301F-11D3-BF4B-00C04F79EFBC}") = "MockProbe.UnitTests", "tests\MockProbe.UnitTests\MockProbe.UnitTests.csproj", "{1A288078-8FDE-44FE-A742-167264ACBF75}"
EndProject
Project("{FAE04EC0-301F-11D3-BF4B-00C04F79EFBC}") = "MockProbe.IntegrationTests", "tests\MockProbe.IntegrationTests\MockProbe.IntegrationTests.csproj", "{F9D62FC8-87C2-4A1D-A872-A6128CBC0C6C}"
EndProject
Global
	GlobalSection(SolutionConfigurationPlatforms) = preSolution
		Debug|Any CPU = Debug|Any CPU
		Debug|x64 = Debug|x64
		Debug|x86 = Debug|x86
		Release|Any CPU = Release|Any CPU
		Release|x64 = Release|x64
		Release|x86 = Release|x86
	EndGlobalSection
	GlobalSection(ProjectConfigurationPlatforms) = postSolution
		{A9977F97-1E00-45C2-9E4F-815ECCF2B0EC}.Debug|Any CPU.ActiveCfg = Debug|Any CPU
		{A9977F97-1E00-45C2-9E4F-815ECCF2B0EC}.Debug|Any CPU.Build.0 = Debug|Any CPU
		{A9977F97-1E00-45C2-9E4F-815ECCF2B0EC}.Debug|x64.ActiveCfg = Debug|Any CPU
		{A9977F97-1E00-45C2-9E4F-815ECCF2B0EC}.Debug|x64.Build.0 = Debug|Any CPU
		{A9977F97-1E00-45C2-9E4F-815ECCF2B0EC}.Debug|x86.ActiveCfg = Debug|Any CPU
		{A9977F97-1E00-45C2-9E4F-815ECCF2B0EC}.Debug|x86.Build.0 = Debug|Any CPU
		{A9977F97-1E00-45C2-9E4F-815ECCF2B0EC}.Release|Any CPU.ActiveCfg = Release|Any CPU
		{A9977F97-1E00-45C2-9E4F-815ECCF2B0EC}.Release|Any CPU.Build.0 = Release|Any CPU
		{A9977F97-1E00-45C2-9E4F-815ECCF2B0EC}.Release|x64.ActiveCfg = Release|Any CPU
		{A9977F97-1E00-45C2-9E4F-815ECCF2B0EC}.Release|x64.Build.0 = Release|Any CPU
		{A9977F97-1E00-45C2-9E4F-815ECCF2B0EC}.Release|x86.ActiveCfg = Release|Any CPU
		{A9977F97-1E00-45C2-9E4F-815ECCF2B0EC}.Release|x86.Build.0 = Release|Any CPU
		{66E954BD-FDB3-4CB4-AA29-E9CA381B66DB}.Debug|Any CPU.ActiveCfg = Debug|Any CPU
		{66E954BD-FDB3-4CB4-AA29-E9CA381B66DB}.Debug|Any CPU.Build.0 = Debug|Any CPU
		{66E954BD-FDB3-4CB4-AA29-E9CA381B66DB}.Debug|x64.ActiveCfg = Debug|Any CPU
		{66E954BD-FDB3-4CB4-AA29-E9CA381B66DB}.Debug|x64.Build.0 = Debug|Any CPU
		{66E954BD-FDB3-4CB4-AA29-E9CA381B66DB}.Debug|x86.ActiveCfg = Debug|Any CPU
		{66E954BD-FDB3-4CB4-AA29-E9CA381B66DB}.Debug|x86.Build.0 = Debug|Any CPU
		{66E954BD-FDB3-4CB4-AA29-E9CA381B66DB}.Release|Any CPU.ActiveCfg = Release|Any CPU
		{66E954BD-FDB3-4CB4-AA29-E9CA381B66DB}.Release|Any CPU.Build.0 = Release|Any CPU
		{66E954BD-FDB3-4CB4-AA29-E9CA381B66DB}.Release|x64.ActiveCfg = Release|Any CPU
		{66E954BD-FDB3-4CB4-AA29-E9CA381B66DB}.Release|x64.Build.0 = Release|Any CPU
		{66E954BD-FDB3-4CB4-AA29-E9CA381B66DB}.Release|x86.ActiveCfg = Release|Any CPU
		{66E954BD-FDB3-4CB4-AA29-E9CA381B66DB}.Release|x86.Build.0 = Release|Any CPU
		{7C60DBCD-69F5-4AFB-AEE8-9C1BADD4ECA5}.Debug|Any CPU.ActiveCfg = Debug|Any CPU
		{7C60DBCD-69F5-4AFB-AEE8-9C1BADD4ECA5}.Debug|Any CPU.Build.0 = Debug|Any CPU
		{7C60DBCD-69F5-4AFB-AEE8-9C1BADD4ECA5}.Debug|x64.ActiveCfg = Debug|Any CPU
		{7C60DBCD-69F5-4AFB-AEE8-9C1BADD4ECA5}.Debug|x64.Build.0 = Debug|Any CPU
		{7C60DBCD-69F5-4AFB-AEE8-9C1BADD4ECA5}.Debug|x86.ActiveCfg = Debug|Any CPU
		{7C60DBCD-69F5-4AFB-AEE8-9C1BADD4ECA5}.Debug|x86.Build.0 = Debug|Any CPU
		{7C60DBCD-69F5-4AFB-AEE8-9C1BADD4ECA5}.Release|Any CPU.ActiveCfg = Release|Any CPU
		{7C60DBCD-69F5-4AFB-AEE8-9C1BADD4ECA5}.Release|Any CPU.Build.0 = Release|Any CPU
		{7C60DBCD-69F5-4AFB-AEE8-9C1BADD4ECA5}.Release|x64.ActiveCfg = Release|Any CPU
		{7C60DBCD-69F5-4AFB-AEE8-9C1BADD4ECA5}.Release|x64.Build.0 = Release|Any CPU
		{7C60DBCD-69F5-4AFB-AEE8-9C1BADD4ECA5}.Release|x86.ActiveCfg = Release|Any CPU
		{7C60DBCD-69F5-4AFB-AEE8-9C1BADD4ECA5}.Release|x86.Build.0 = Release|Any CPU
		{A4182C2C-C077-413C-9D98-DF152C595C28}.Debug|Any CPU.ActiveCfg = Debug|Any CPU
		{A4182C2C-C077-413C-9D98-DF152C595C28}.Debug|Any CPU.Build.0 = Debug|Any CPU
		{A4182C2C-C077-413C-9D98-DF152C595C28}.Debug|x64.ActiveCfg = Debug|Any CPU
		{A4182C2C-C077-413C-9D98-DF152C595C28}.Debug|x64.Build.0 = Debug|Any CPU
		{A4182C2C-C077-413C-9D98-DF152C595C28}.Debug|x86.ActiveCfg = Debug|Any CPU
		{A4182C2C-C077-413C-9D98-DF152C595C28}.Debug|x86.Build.0 = Debug|Any CPU
		{A4182C2C-C077-413C-9D98-DF152C595C28}.Release|Any CPU.ActiveCfg = Release|Any CPU
		{A4182C2C-C077-413C-9D98-DF152C595C28}.Release|Any CPU.Build.0 = Release|Any CPU
		{A4182C2C-C077-413C-9D98-DF152C595C28}.Release|x64.ActiveCfg = Release|Any CPU
		{A4182C2C-C077-413C-9D98-DF152C595C28}.Release|x64.Build.0 = Release|Any CPU
		{A4182C2C-C077-413C-9D98-DF152C595C28}.Release|x86.ActiveCfg = Release|Any CPU
		{A4182C2C-C077-413C-9D98-DF152C595C28}.Release|x86.Build.0 = Release|Any CPU
		{1A288078-8FDE-44FE-A742-167264ACBF75}.Debug|Any CPU.ActiveCfg = Debug|Any CPU
		{1A288078-8FDE-44FE-A742-167264ACBF75}.Debug|Any CPU.Build.0 = Debug|Any CPU
		{1A288078-8FDE-44FE-A742-167264ACBF75}.Debug|x64.ActiveCfg = Debug|Any CPU
		{1A288078-8FDE-44FE-A742-167264ACBF75}.Debug|x64.Build.0 = Debug|Any CPU
		{1A288078-8FDE-44FE-A742-167264ACBF75}.Debug|x86.ActiveCfg = Debug|Any CPU
		{1A288078-8FDE-44FE-A742-167264ACBF75}.Debug|x86.Build.0 = Debug|Any CPU
		{1A288078-8FDE-44FE-A742-167264ACBF75}.Release|Any CPU.ActiveCfg = Release|Any CPU
		{1A288078-8FDE-44FE-A742-167264ACBF75}.Release|Any CPU.Build.0 = Release|Any CPU
		{1A288078-8FDE-44FE-A742-167264ACBF75}.Release|x64.ActiveCfg = Release|Any CPU
		{1A288078-8FDE-44FE-A742-167264ACBF75}.Release|x64.Build.0 = Release|Any CPU
		{1A288078-8FDE-44FE-A742-167264ACBF75}.Release|x86.ActiveCfg = Release|Any CPU
		{1A288078-8FDE-44FE-A742-167264ACBF75}.Release|x86.Build.0 = Release|Any CPU
		{F9D62FC8-87C2-4A1D-A872-A6128CBC0C6C}.Debug|Any CPU.ActiveCfg = Debug|Any CPU
		{F9D62FC8-87C2-4A1D-A872-A6128CBC0C6C}.Debug|Any CPU.Build.0 = Debug|Any CPU
		{F9D62FC8-87C2-4A1D-A872-A6128CBC0C6C}.Debug|x64.ActiveCfg = Debug|Any CPU
		{F9D62FC8-87C2-4A1D-A872-A6128CBC0C6C}.Debug|x64.Build.0 = Debug|Any CPU
		{F9D62FC8-87C2-4A1D-A872-A6128CBC0C6C}.Debug|x86.ActiveCfg = Debug|Any CPU
		{F9D62FC8-87C2-4A1D-A872-A6128CBC0C6C}.Debug|x86.Build.0 = Debug|Any CPU
		{F9D62FC8-87C2-4A1D-A872-A6128CBC0C6C}.Release|Any CPU.ActiveCfg = Release|Any CPU
		{F9D62FC8-87C2-4A1D-A872-A6128CBC0C6C}.Release|Any CPU.Build.0 = Release|Any CPU
		{F9D62FC8-87C2-4A1D-A872-A6128CBC0C6C}.Release|x64.ActiveCfg = Release|Any CPU
		{F9D62FC8-87C2-4A1D-A872-A6128CBC0C6C}.Release|x64.Build.0 = Release|Any CPU
		{F9D62FC8-87C2-4A1D-A872-A6128CBC0C6C}.Release|x86.ActiveCfg = Release|Any CPU
		{F9D62FC8-87C2-4A1D-A872-A6128CBC0C6C}.Release|x86.Build.0 = Release|Any CPU
	EndGlobalSection
	GlobalSection(SolutionProperties) = preSolution
		HideSolutionNode = FALSE
	EndGlobalSection
	GlobalSection(NestedProjects) = preSolution
		{A9977F97-1E00-45C2-9E4F-815ECCF2B0EC} = {827E0CD3-B72D-47B6-A68D-7590B98EB39B}
		{66E954BD-FDB3-4CB4-AA29-E9CA381B66DB} = {827E0CD3-B72D-47B6-A68D-7590B98EB39B}
		{7C60DBCD-69F5-4AFB-AEE8-9C1BADD4ECA5} = {827E0CD3-B72D-47B6-A68D-7590B98EB39B}
		{A4182C2C-C077-413C-9D98-DF152C595C28} = {827E0CD3-B72D-47B6-A68D-7590B98EB39B}
		{1A288078-8FDE-44FE-A742-167264ACBF75} = {0AB3BF05-4346-4AA6-1389-037BE0695223}
		{F9D62FC8-87C2-4A1D-A872-A6128CBC0C6C} = {0AB3BF05-4346-4AA6-1389-037BE0695223}
	EndGlobalSection
EndGlobal
